
Microsoft Visual Studio Solution File, Format Version 12.00
# Visual Studio 15
VisualStudioVersion = 15.0.28307.1401
MinimumVisualStudioVersion = 10.0.40219.1
Project("{FAE04EC0-301F-11D3-BF4B-00C04F79EFBC}") = "WindowsFormsApp6", "WindowsFormsApp6\WindowsFormsApp6.csproj", "{684FC1E8-CE92-45EC-95C5-C77BAEFC7E13}"
EndProject
Global
	GlobalSection(SolutionConfigurationPlatforms) = preSolution
		Debug|Any CPU = Debug|Any CPU
		Release|Any CPU = Release|Any CPU
	EndGlobalSection
	GlobalSection(ProjectConfigurationPlatforms) = postSolution
		{684FC1E8-CE92-45EC-95C5-C77BAEFC7E13}.Debug|Any CPU.ActiveCfg = Debug|Any CPU
		{684FC1E8-CE92-45EC-95C5-C77BAEFC7E13}.Debug|Any CPU.Build.0 = Debug|Any CPU
		{684FC1E8-CE92-45EC-95C5-C77BAEFC7E13}.Release|Any CPU.ActiveCfg = Release|Any CPU
		{684FC1E8-CE92-45EC-95C5-C77BAEFC7E13}.Release|Any CPU.Build.0 = Release|Any CPU
	EndGlobalSection
	GlobalSection(SolutionProperties) = preSolution
		HideSolutionNode = FALSE
	EndGlobalSection
	GlobalSection(ExtensibilityGlobals) = postSolution
		SolutionGuid = {AB611DFF-1552-4A14-8BD9-EDEA410EA676}
	EndGlobalSection
EndGlobal
